
Microsoft Visual Studio Solution File, Format Version 12.00
# Visual Studio Version 17
VisualStudioVersion = 17.7.34018.315
MinimumVisualStudioVersion = 10.0.40219.1
Project("{FAE04EC0-301F-11D3-BF4B-00C04F79EFBC}") = "Projeto_final_bloco_1", "Projeto_final_bloco_1.csproj", "{E650A025-14B7-429E-ACC2-FDD83ED1B920}"
EndProject
Global
	GlobalSection(SolutionConfigurationPlatforms) = preSolution
		Debug|Any CPU = Debug|Any CPU
		Release|Any CPU = Release|Any CPU
	EndGlobalSection
	GlobalSection(ProjectConfigurationPlatforms) = postSolution
		{E650A025-14B7-429E-ACC2-FDD83ED1B920}.Debug|Any CPU.ActiveCfg = Debug|Any CPU
		{E650A025-14B7-429E-ACC2-FDD83ED1B920}.Debug|Any CPU.Build.0 = Debug|Any CPU
		{E650A025-14B7-429E-ACC2-FDD83ED1B920}.Release|Any CPU.ActiveCfg = Release|Any CPU
		{E650A025-14B7-429E-ACC2-FDD83ED1B920}.Release|Any CPU.Build.0 = Release|Any CPU
	EndGlobalSection
	GlobalSection(SolutionProperties) = preSolution
		HideSolutionNode = FALSE
	EndGlobalSection
	GlobalSection(ExtensibilityGlobals) = postSolution
		SolutionGuid = {14A4E2A8-4EE2-4F08-86BA-E052AF66737E}
	EndGlobalSection
EndGlobal
